
Microsoft Visual Studio Solution File, Format Version 12.00
# Visual Studio Version 17
VisualStudioVersion = 17.4.33122.133
MinimumVisualStudioVersion = 10.0.40219.1
Project("{FAE04EC0-301F-11D3-BF4B-00C04F79EFBC}") = "addressbook_tests_white", "addressbook_tests_white\addressbook_tests_white.csproj", "{2FE17A3D-4386-4DB9-8F88-4CF787CE5F89}"
EndProject
Global
	GlobalSection(SolutionConfigurationPlatforms) = preSolution
		Debug|Any CPU = Debug|Any CPU
		Release|Any CPU = Release|Any CPU
	EndGlobalSection
	GlobalSection(ProjectConfigurationPlatforms) = postSolution
		{2FE17A3D-4386-4DB9-8F88-4CF787CE5F89}.Debug|Any CPU.ActiveCfg = Debug|Any CPU
		{2FE17A3D-4386-4DB9-8F88-4CF787CE5F89}.Debug|Any CPU.Build.0 = Debug|Any CPU
		{2FE17A3D-4386-4DB9-8F88-4CF787CE5F89}.Release|Any CPU.ActiveCfg = Release|Any CPU
		{2FE17A3D-4386-4DB9-8F88-4CF787CE5F89}.Release|Any CPU.Build.0 = Release|Any CPU
	EndGlobalSection
	GlobalSection(SolutionProperties) = preSolution
		HideSolutionNode = FALSE
	EndGlobalSection
	GlobalSection(ExtensibilityGlobals) = postSolution
		SolutionGuid = {70E523A5-37AF-405B-A0FD-D93443C28F56}
	EndGlobalSection
EndGlobal
